
Microsoft Visual Studio Solution File, Format Version 12.00
# Visual Studio 15
VisualStudioVersion = 15.0.27428.2015
MinimumVisualStudioVersion = 10.0.40219.1
Project("{2150E333-8FDC-42A3-9474-1A3956D46DE8}") = "frontend", "frontend", "{D2B5C8DF-EC8C-42D9-8830-A522D5E03569}"
EndProject
Project("{2150E333-8FDC-42A3-9474-1A3956D46DE8}") = "backend", "backend", "{B595E1E3-9737-4BBB-AE3C-3B6CB6CF591E}"
EndProject
Project("{2150E333-8FDC-42A3-9474-1A3956D46DE8}") = "infra", "infra", "{B79D4A49-2FFF-48E5-93E5-5E8E91CAC312}"
EndProject
Project("{E24C65DC-7377-472B-9ABA-BC803B73C61A}") = "www", "www\", "{66270C15-D4F4-43A2-B158-48D4A4F61D84}"
	ProjectSection(WebsiteProperties) = preProject
		TargetFrameworkMoniker = ".NETFramework,Version%3Dv4.6.1"
		Debug.AspNetCompiler.VirtualPath = "/localhost_59845"
		Debug.AspNetCompiler.PhysicalPath = "www\"
		Debug.AspNetCompiler.TargetPath = "PrecompiledWeb\localhost_59845\"
		Debug.AspNetCompiler.Updateable = "true"
		Debug.AspNetCompiler.ForceOverwrite = "true"
		Debug.AspNetCompiler.FixedNames = "false"
		Debug.AspNetCompiler.Debug = "True"
		Release.AspNetCompiler.VirtualPath = "/localhost_59845"
		Release.AspNetCompiler.PhysicalPath = "www\"
		Release.AspNetCompiler.TargetPath = "PrecompiledWeb\localhost_59845\"
		Release.AspNetCompiler.Updateable = "true"
		Release.AspNetCompiler.ForceOverwrite = "true"
		Release.AspNetCompiler.FixedNames = "false"
		Release.AspNetCompiler.Debug = "False"
		VWDPort = "59845"
		SlnRelativePath = "www\"
		DefaultWebSiteLanguage = "Visual C#"
	EndProjectSection
EndProject
Project("{9A19103F-16F7-4668-BE54-9A1E7A4F7556}") = "ChurchSchool.Domain", "ChurchSchool.Domain\ChurchSchool.Domain.csproj", "{13B94857-B641-43DE-A774-BC262253377D}"
EndProject
Project("{9A19103F-16F7-4668-BE54-9A1E7A4F7556}") = "ChurchSchool.Test", "ChurchSchool.Test\ChurchSchool.Test.csproj", "{B9B19C76-ECF8-44F6-AE8C-5BC02A00FF76}"
EndProject
Project("{9A19103F-16F7-4668-BE54-9A1E7A4F7556}") = "ChurchSchool.Repository", "ChurchSchool.Repository\ChurchSchool.Repository.csproj", "{43EF6B31-3F2E-4603-A729-580C6E240721}"
EndProject
Project("{9A19103F-16F7-4668-BE54-9A1E7A4F7556}") = "ChurchSchool.Service", "ChurchSchool.Service\ChurchSchool.Service.csproj", "{D95A5DDC-AC0A-4CEE-A93D-190435722B8A}"
EndProject
Project("{9A19103F-16F7-4668-BE54-9A1E7A4F7556}") = "ChurchSchool.Application", "ChurchSchool.App\ChurchSchool.Application.csproj", "{8E800D19-A2EB-4239-B4D1-4B2FE3BF87C8}"
EndProject
Project("{9A19103F-16F7-4668-BE54-9A1E7A4F7556}") = "ChurchSchool.Logging", "ChurchSchool.Logging\ChurchSchool.Logging.csproj", "{74F7E64E-6231-4889-9FEC-3E9B46812810}"
EndProject
Project("{9A19103F-16F7-4668-BE54-9A1E7A4F7556}") = "ChurchSchoolApp.Tools", "ChurchSchoolApp.Tools\ChurchSchoolApp.Tools.csproj", "{7EE3A7ED-E9B5-4C5E-9D3F-8A29DE7171D1}"
EndProject
Project("{9A19103F-16F7-4668-BE54-9A1E7A4F7556}") = "ChurchSchool.API", "ChurchSchool.API\ChurchSchool.API.csproj", "{762F929F-C6B2-4CE0-B1D1-DF673E46E904}"
EndProject
Project("{9A19103F-16F7-4668-BE54-9A1E7A4F7556}") = "ChurchSchool.Shared", "ChurchSchool.Shared\ChurchSchool.Shared.csproj", "{696E569E-0BD9-4272-94D9-2D551BCDD359}"
EndProject
Project("{9A19103F-16F7-4668-BE54-9A1E7A4F7556}") = "ChurchSchool.Auth", "ChurchSchool.Auth\ChurchSchool.Auth.csproj", "{A0D13902-2477-47A2-ACBC-9ACABD7D52C8}"
EndProject
Global
	GlobalSection(SolutionConfigurationPlatforms) = preSolution
		Debug|Any CPU = Debug|Any CPU
		Release|Any CPU = Release|Any CPU
	EndGlobalSection
	GlobalSection(ProjectConfigurationPlatforms) = postSolution
		{66270C15-D4F4-43A2-B158-48D4A4F61D84}.Debug|Any CPU.ActiveCfg = Debug|Any CPU
		{66270C15-D4F4-43A2-B158-48D4A4F61D84}.Debug|Any CPU.Build.0 = Debug|Any CPU
		{66270C15-D4F4-43A2-B158-48D4A4F61D84}.Release|Any CPU.ActiveCfg = Debug|Any CPU
		{66270C15-D4F4-43A2-B158-48D4A4F61D84}.Release|Any CPU.Build.0 = Debug|Any CPU
		{13B94857-B641-43DE-A774-BC262253377D}.Debug|Any CPU.ActiveCfg = Debug|Any CPU
		{13B94857-B641-43DE-A774-BC262253377D}.Debug|Any CPU.Build.0 = Debug|Any CPU
		{13B94857-B641-43DE-A774-BC262253377D}.Release|Any CPU.ActiveCfg = Release|Any CPU
		{13B94857-B641-43DE-A774-BC262253377D}.Release|Any CPU.Build.0 = Release|Any CPU
		{B9B19C76-ECF8-44F6-AE8C-5BC02A00FF76}.Debug|Any CPU.ActiveCfg = Debug|Any CPU
		{B9B19C76-ECF8-44F6-AE8C-5BC02A00FF76}.Debug|Any CPU.Build.0 = Debug|Any CPU
		{B9B19C76-ECF8-44F6-AE8C-5BC02A00FF76}.Release|Any CPU.ActiveCfg = Release|Any CPU
		{B9B19C76-ECF8-44F6-AE8C-5BC02A00FF76}.Release|Any CPU.Build.0 = Release|Any CPU
		{43EF6B31-3F2E-4603-A729-580C6E240721}.Debug|Any CPU.ActiveCfg = Debug|Any CPU
		{43EF6B31-3F2E-4603-A729-580C6E240721}.Debug|Any CPU.Build.0 = Debug|Any CPU
		{43EF6B31-3F2E-4603-A729-580C6E240721}.Release|Any CPU.ActiveCfg = Release|Any CPU
		{43EF6B31-3F2E-4603-A729-580C6E240721}.Release|Any CPU.Build.0 = Release|Any CPU
		{D95A5DDC-AC0A-4CEE-A93D-190435722B8A}.Debug|Any CPU.ActiveCfg = Debug|Any CPU
		{D95A5DDC-AC0A-4CEE-A93D-190435722B8A}.Debug|Any CPU.Build.0 = Debug|Any CPU
		{D95A5DDC-AC0A-4CEE-A93D-190435722B8A}.Release|Any CPU.ActiveCfg = Release|Any CPU
		{D95A5DDC-AC0A-4CEE-A93D-190435722B8A}.Release|Any CPU.Build.0 = Release|Any CPU
		{8E800D19-A2EB-4239-B4D1-4B2FE3BF87C8}.Debug|Any CPU.ActiveCfg = Debug|Any CPU
		{8E800D19-A2EB-4239-B4D1-4B2FE3BF87C8}.Debug|Any CPU.Build.0 = Debug|Any CPU
		{8E800D19-A2EB-4239-B4D1-4B2FE3BF87C8}.Release|Any CPU.ActiveCfg = Release|Any CPU
		{8E800D19-A2EB-4239-B4D1-4B2FE3BF87C8}.Release|Any CPU.Build.0 = Release|Any CPU
		{74F7E64E-6231-4889-9FEC-3E9B46812810}.Debug|Any CPU.ActiveCfg = Debug|Any CPU
		{74F7E64E-6231-4889-9FEC-3E9B46812810}.Debug|Any CPU.Build.0 = Debug|Any CPU
		{74F7E64E-6231-4889-9FEC-3E9B46812810}.Release|Any CPU.ActiveCfg = Release|Any CPU
		{74F7E64E-6231-4889-9FEC-3E9B46812810}.Release|Any CPU.Build.0 = Release|Any CPU
		{7EE3A7ED-E9B5-4C5E-9D3F-8A29DE7171D1}.Debug|Any CPU.ActiveCfg = Debug|Any CPU
		{7EE3A7ED-E9B5-4C5E-9D3F-8A29DE7171D1}.Debug|Any CPU.Build.0 = Debug|Any CPU
		{7EE3A7ED-E9B5-4C5E-9D3F-8A29DE7171D1}.Release|Any CPU.ActiveCfg = Release|Any CPU
		{7EE3A7ED-E9B5-4C5E-9D3F-8A29DE7171D1}.Release|Any CPU.Build.0 = Release|Any CPU
		{762F929F-C6B2-4CE0-B1D1-DF673E46E904}.Debug|Any CPU.ActiveCfg = Debug|Any CPU
		{762F929F-C6B2-4CE0-B1D1-DF673E46E904}.Debug|Any CPU.Build.0 = Debug|Any CPU
		{762F929F-C6B2-4CE0-B1D1-DF673E46E904}.Release|Any CPU.ActiveCfg = Release|Any CPU
		{762F929F-C6B2-4CE0-B1D1-DF673E46E904}.Release|Any CPU.Build.0 = Release|Any CPU
		{696E569E-0BD9-4272-94D9-2D551BCDD359}.Debug|Any CPU.ActiveCfg = Debug|Any CPU
		{696E569E-0BD9-4272-94D9-2D551BCDD359}.Debug|Any CPU.Build.0 = Debug|Any CPU
		{696E569E-0BD9-4272-94D9-2D551BCDD359}.Release|Any CPU.ActiveCfg = Release|Any CPU
		{696E569E-0BD9-4272-94D9-2D551BCDD359}.Release|Any CPU.Build.0 = Release|Any CPU
		{A0D13902-2477-47A2-ACBC-9ACABD7D52C8}.Debug|Any CPU.ActiveCfg = Debug|Any CPU
		{A0D13902-2477-47A2-ACBC-9ACABD7D52C8}.Debug|Any CPU.Build.0 = Debug|Any CPU
		{A0D13902-2477-47A2-ACBC-9ACABD7D52C8}.Release|Any CPU.ActiveCfg = Release|Any CPU
		{A0D13902-2477-47A2-ACBC-9ACABD7D52C8}.Release|Any CPU.Build.0 = Release|Any CPU
	EndGlobalSection
	GlobalSection(SolutionProperties) = preSolution
		HideSolutionNode = FALSE
	EndGlobalSection
	GlobalSection(NestedProjects) = preSolution
		{66270C15-D4F4-43A2-B158-48D4A4F61D84} = {D2B5C8DF-EC8C-42D9-8830-A522D5E03569}
		{13B94857-B641-43DE-A774-BC262253377D} = {B595E1E3-9737-4BBB-AE3C-3B6CB6CF591E}
		{B9B19C76-ECF8-44F6-AE8C-5BC02A00FF76} = {B595E1E3-9737-4BBB-AE3C-3B6CB6CF591E}
		{43EF6B31-3F2E-4603-A729-580C6E240721} = {B595E1E3-9737-4BBB-AE3C-3B6CB6CF591E}
		{D95A5DDC-AC0A-4CEE-A93D-190435722B8A} = {B595E1E3-9737-4BBB-AE3C-3B6CB6CF591E}
		{8E800D19-A2EB-4239-B4D1-4B2FE3BF87C8} = {B595E1E3-9737-4BBB-AE3C-3B6CB6CF591E}
		{74F7E64E-6231-4889-9FEC-3E9B46812810} = {B79D4A49-2FFF-48E5-93E5-5E8E91CAC312}
		{7EE3A7ED-E9B5-4C5E-9D3F-8A29DE7171D1} = {B79D4A49-2FFF-48E5-93E5-5E8E91CAC312}
		{762F929F-C6B2-4CE0-B1D1-DF673E46E904} = {B595E1E3-9737-4BBB-AE3C-3B6CB6CF591E}
		{A0D13902-2477-47A2-ACBC-9ACABD7D52C8} = {B595E1E3-9737-4BBB-AE3C-3B6CB6CF591E}
	EndGlobalSection
	GlobalSection(ExtensibilityGlobals) = postSolution
		SolutionGuid = {74E2FFF4-B16E-4CAC-BE2B-9298FBA5070E}
	EndGlobalSection
EndGlobal
